
Microsoft Visual Studio Solution File, Format Version 12.00
# Visual Studio Version 17
VisualStudioVersion = 17.8.34511.84
MinimumVisualStudioVersion = 10.0.40219.1
Project("{FAE04EC0-301F-11D3-BF4B-00C04F79EFBC}") = "09.04.24_c#", "09.04.24_c#.csproj", "{4F59587F-7DEC-4F36-A629-EB4E52E63A7B}"
EndProject
Global
	GlobalSection(SolutionConfigurationPlatforms) = preSolution
		Debug|Any CPU = Debug|Any CPU
		Release|Any CPU = Release|Any CPU
	EndGlobalSection
	GlobalSection(ProjectConfigurationPlatforms) = postSolution
		{4F59587F-7DEC-4F36-A629-EB4E52E63A7B}.Debug|Any CPU.ActiveCfg = Debug|Any CPU
		{4F59587F-7DEC-4F36-A629-EB4E52E63A7B}.Debug|Any CPU.Build.0 = Debug|Any CPU
		{4F59587F-7DEC-4F36-A629-EB4E52E63A7B}.Release|Any CPU.ActiveCfg = Release|Any CPU
		{4F59587F-7DEC-4F36-A629-EB4E52E63A7B}.Release|Any CPU.Build.0 = Release|Any CPU
	EndGlobalSection
	GlobalSection(SolutionProperties) = preSolution
		HideSolutionNode = FALSE
	EndGlobalSection
	GlobalSection(ExtensibilityGlobals) = postSolution
		SolutionGuid = {DE3DC296-39B0-48BC-A0B0-DC8ACE611C05}
	EndGlobalSection
EndGlobal
